
Microsoft Visual Studio Solution File, Format Version 12.00
# Visual Studio Version 16
VisualStudioVersion = 16.0.30114.105
MinimumVisualStudioVersion = 10.0.40219.1
Project("{FAE04EC0-301F-11D3-BF4B-00C04F79EFBC}") = "ReconBank.FrontUser", "front_user\ReconBank.FrontUser.csproj", "{8D51BD94-7EAD-41E9-A582-C3296B891F1B}"
EndProject
Project("{FAE04EC0-301F-11D3-BF4B-00C04F79EFBC}") = "ReconBank.Models", "models\ReconBank.Models.csproj", "{5A4AAB61-2B63-453B-9EF9-1BA0CB067442}"
EndProject
Global
	GlobalSection(SolutionConfigurationPlatforms) = preSolution
		Debug|Any CPU = Debug|Any CPU
		Debug|x64 = Debug|x64
		Debug|x86 = Debug|x86
		Release|Any CPU = Release|Any CPU
		Release|x64 = Release|x64
		Release|x86 = Release|x86
	EndGlobalSection
	GlobalSection(SolutionProperties) = preSolution
		HideSolutionNode = FALSE
	EndGlobalSection
	GlobalSection(ProjectConfigurationPlatforms) = postSolution
		{8D51BD94-7EAD-41E9-A582-C3296B891F1B}.Debug|Any CPU.ActiveCfg = Debug|Any CPU
		{8D51BD94-7EAD-41E9-A582-C3296B891F1B}.Debug|Any CPU.Build.0 = Debug|Any CPU
		{8D51BD94-7EAD-41E9-A582-C3296B891F1B}.Debug|x64.ActiveCfg = Debug|Any CPU
		{8D51BD94-7EAD-41E9-A582-C3296B891F1B}.Debug|x64.Build.0 = Debug|Any CPU
		{8D51BD94-7EAD-41E9-A582-C3296B891F1B}.Debug|x86.ActiveCfg = Debug|Any CPU
		{8D51BD94-7EAD-41E9-A582-C3296B891F1B}.Debug|x86.Build.0 = Debug|Any CPU
		{8D51BD94-7EAD-41E9-A582-C3296B891F1B}.Release|Any CPU.ActiveCfg = Release|Any CPU
		{8D51BD94-7EAD-41E9-A582-C3296B891F1B}.Release|Any CPU.Build.0 = Release|Any CPU
		{8D51BD94-7EAD-41E9-A582-C3296B891F1B}.Release|x64.ActiveCfg = Release|Any CPU
		{8D51BD94-7EAD-41E9-A582-C3296B891F1B}.Release|x64.Build.0 = Release|Any CPU
		{8D51BD94-7EAD-41E9-A582-C3296B891F1B}.Release|x86.ActiveCfg = Release|Any CPU
		{8D51BD94-7EAD-41E9-A582-C3296B891F1B}.Release|x86.Build.0 = Release|Any CPU
		{5A4AAB61-2B63-453B-9EF9-1BA0CB067442}.Debug|Any CPU.ActiveCfg = Debug|Any CPU
		{5A4AAB61-2B63-453B-9EF9-1BA0CB067442}.Debug|Any CPU.Build.0 = Debug|Any CPU
		{5A4AAB61-2B63-453B-9EF9-1BA0CB067442}.Debug|x64.ActiveCfg = Debug|Any CPU
		{5A4AAB61-2B63-453B-9EF9-1BA0CB067442}.Debug|x64.Build.0 = Debug|Any CPU
		{5A4AAB61-2B63-453B-9EF9-1BA0CB067442}.Debug|x86.ActiveCfg = Debug|Any CPU
		{5A4AAB61-2B63-453B-9EF9-1BA0CB067442}.Debug|x86.Build.0 = Debug|Any CPU
		{5A4AAB61-2B63-453B-9EF9-1BA0CB067442}.Release|Any CPU.ActiveCfg = Release|Any CPU
		{5A4AAB61-2B63-453B-9EF9-1BA0CB067442}.Release|Any CPU.Build.0 = Release|Any CPU
		{5A4AAB61-2B63-453B-9EF9-1BA0CB067442}.Release|x64.ActiveCfg = Release|Any CPU
		{5A4AAB61-2B63-453B-9EF9-1BA0CB067442}.Release|x64.Build.0 = Release|Any CPU
		{5A4AAB61-2B63-453B-9EF9-1BA0CB067442}.Release|x86.ActiveCfg = Release|Any CPU
		{5A4AAB61-2B63-453B-9EF9-1BA0CB067442}.Release|x86.Build.0 = Release|Any CPU
	EndGlobalSection
EndGlobal
